
Microsoft Visual Studio Solution File, Format Version 12.00
# Visual Studio Version 17
VisualStudioVersion = 17.8.34330.188
MinimumVisualStudioVersion = 10.0.40219.1
Project("{2150E333-8FDC-42A3-9474-1A3956D46DE8}") = "Frontend", "Frontend", "{352A75CE-0EDD-4ECB-95E4-C834542DF8AB}"
EndProject
Project("{9A19103F-16F7-4668-BE54-9A1E7A4F7556}") = "Restaurant.Web", "Restaurant.Web\Restaurant.Web.csproj", "{BB765EA2-4482-4C43-BD50-1C812E85F71B}"
EndProject
Project("{2150E333-8FDC-42A3-9474-1A3956D46DE8}") = "Services", "Services", "{5E61FC43-AFA6-4B53-99F7-1233250D2CC9}"
EndProject
Project("{9A19103F-16F7-4668-BE54-9A1E7A4F7556}") = "Restaurant.Services.ProductAPI", "Restaurant.Services.ProductAPI\Restaurant.Services.ProductAPI.csproj", "{80445113-4C09-49BE-A295-DBEE55AF2853}"
EndProject
Project("{9A19103F-16F7-4668-BE54-9A1E7A4F7556}") = "Restaurant.Services.CouponAPI", "Restaurant.Services.CouponAPI\Restaurant.Services.CouponAPI.csproj", "{1A063B1A-4525-46C6-BEF3-D9C3774F1442}"
EndProject
Project("{9A19103F-16F7-4668-BE54-9A1E7A4F7556}") = "Restaurant.Services.Authentication", "Restaurant.Services.Authentication\Restaurant.Services.Authentication.csproj", "{0B81ACCD-F82F-4615-A095-0E8C93FD57EF}"
EndProject
Project("{9A19103F-16F7-4668-BE54-9A1E7A4F7556}") = "Restaurant.Services.ShoppingCartAPI", "Restaurant.Services.ShoppingCartAPI\Restaurant.Services.ShoppingCartAPI.csproj", "{20272A03-252E-4930-99EA-196C5D69F545}"
EndProject
Project("{FAE04EC0-301F-11D3-BF4B-00C04F79EFBC}") = "Restaurant.MessageBus", "Restaurant.MessageBus\Restaurant.MessageBus.csproj", "{41449479-AFC0-4AFB-972E-B20B96539D11}"
EndProject
Global
	GlobalSection(SolutionConfigurationPlatforms) = preSolution
		Debug|Any CPU = Debug|Any CPU
		Release|Any CPU = Release|Any CPU
	EndGlobalSection
	GlobalSection(ProjectConfigurationPlatforms) = postSolution
		{BB765EA2-4482-4C43-BD50-1C812E85F71B}.Debug|Any CPU.ActiveCfg = Debug|Any CPU
		{BB765EA2-4482-4C43-BD50-1C812E85F71B}.Debug|Any CPU.Build.0 = Debug|Any CPU
		{BB765EA2-4482-4C43-BD50-1C812E85F71B}.Release|Any CPU.ActiveCfg = Release|Any CPU
		{BB765EA2-4482-4C43-BD50-1C812E85F71B}.Release|Any CPU.Build.0 = Release|Any CPU
		{80445113-4C09-49BE-A295-DBEE55AF2853}.Debug|Any CPU.ActiveCfg = Debug|Any CPU
		{80445113-4C09-49BE-A295-DBEE55AF2853}.Debug|Any CPU.Build.0 = Debug|Any CPU
		{80445113-4C09-49BE-A295-DBEE55AF2853}.Release|Any CPU.ActiveCfg = Release|Any CPU
		{80445113-4C09-49BE-A295-DBEE55AF2853}.Release|Any CPU.Build.0 = Release|Any CPU
		{1A063B1A-4525-46C6-BEF3-D9C3774F1442}.Debug|Any CPU.ActiveCfg = Debug|Any CPU
		{1A063B1A-4525-46C6-BEF3-D9C3774F1442}.Debug|Any CPU.Build.0 = Debug|Any CPU
		{1A063B1A-4525-46C6-BEF3-D9C3774F1442}.Release|Any CPU.ActiveCfg = Release|Any CPU
		{1A063B1A-4525-46C6-BEF3-D9C3774F1442}.Release|Any CPU.Build.0 = Release|Any CPU
		{0B81ACCD-F82F-4615-A095-0E8C93FD57EF}.Debug|Any CPU.ActiveCfg = Debug|Any CPU
		{0B81ACCD-F82F-4615-A095-0E8C93FD57EF}.Debug|Any CPU.Build.0 = Debug|Any CPU
		{0B81ACCD-F82F-4615-A095-0E8C93FD57EF}.Release|Any CPU.ActiveCfg = Release|Any CPU
		{0B81ACCD-F82F-4615-A095-0E8C93FD57EF}.Release|Any CPU.Build.0 = Release|Any CPU
		{20272A03-252E-4930-99EA-196C5D69F545}.Debug|Any CPU.ActiveCfg = Debug|Any CPU
		{20272A03-252E-4930-99EA-196C5D69F545}.Debug|Any CPU.Build.0 = Debug|Any CPU
		{20272A03-252E-4930-99EA-196C5D69F545}.Release|Any CPU.ActiveCfg = Release|Any CPU
		{20272A03-252E-4930-99EA-196C5D69F545}.Release|Any CPU.Build.0 = Release|Any CPU
		{41449479-AFC0-4AFB-972E-B20B96539D11}.Debug|Any CPU.ActiveCfg = Debug|Any CPU
		{41449479-AFC0-4AFB-972E-B20B96539D11}.Debug|Any CPU.Build.0 = Debug|Any CPU
		{41449479-AFC0-4AFB-972E-B20B96539D11}.Release|Any CPU.ActiveCfg = Release|Any CPU
		{41449479-AFC0-4AFB-972E-B20B96539D11}.Release|Any CPU.Build.0 = Release|Any CPU
	EndGlobalSection
	GlobalSection(SolutionProperties) = preSolution
		HideSolutionNode = FALSE
	EndGlobalSection
	GlobalSection(NestedProjects) = preSolution
		{BB765EA2-4482-4C43-BD50-1C812E85F71B} = {352A75CE-0EDD-4ECB-95E4-C834542DF8AB}
		{80445113-4C09-49BE-A295-DBEE55AF2853} = {5E61FC43-AFA6-4B53-99F7-1233250D2CC9}
		{1A063B1A-4525-46C6-BEF3-D9C3774F1442} = {5E61FC43-AFA6-4B53-99F7-1233250D2CC9}
		{0B81ACCD-F82F-4615-A095-0E8C93FD57EF} = {5E61FC43-AFA6-4B53-99F7-1233250D2CC9}
		{20272A03-252E-4930-99EA-196C5D69F545} = {5E61FC43-AFA6-4B53-99F7-1233250D2CC9}
		{41449479-AFC0-4AFB-972E-B20B96539D11} = {5E61FC43-AFA6-4B53-99F7-1233250D2CC9}
	EndGlobalSection
	GlobalSection(ExtensibilityGlobals) = postSolution
		SolutionGuid = {57D8D1BA-B2CB-488E-90B3-361F38A61524}
	EndGlobalSection
EndGlobal
